Microsoft Visual Studio Solution File, Format Version 12.00
# Visual Studio Version 17
VisualStudioVersion = 17.5.2.0
MinimumVisualStudioVersion = 10.0.40219.1
Project("{FAE04EC0-301F-11D3-BF4B-00C04F79EFBC}") = "NTE_Fishing_Bot", "NTE_Fishing_Bot.csproj", "{EA3314BF-2A0C-7FAE-91A7-F6F79A455A44}"
EndProject
Global
	GlobalSection(SolutionConfigurationPlatforms) = preSolution
		Debug|Any CPU = Debug|Any CPU
		Release|Any CPU = Release|Any CPU
	EndGlobalSection
	GlobalSection(ProjectConfigurationPlatforms) = postSolution
		{EA3314BF-2A0C-7FAE-91A7-F6F79A455A44}.Debug|Any CPU.ActiveCfg = Debug|Any CPU
		{EA3314BF-2A0C-7FAE-91A7-F6F79A455A44}.Debug|Any CPU.Build.0 = Debug|Any CPU
		{EA3314BF-2A0C-7FAE-91A7-F6F79A455A44}.Release|Any CPU.ActiveCfg = Release|Any CPU
		{EA3314BF-2A0C-7FAE-91A7-F6F79A455A44}.Release|Any CPU.Build.0 = Release|Any CPU
	EndGlobalSection
	GlobalSection(SolutionProperties) = preSolution
		HideSolutionNode = FALSE
	EndGlobalSection
	GlobalSection(ExtensibilityGlobals) = postSolution
		SolutionGuid = {DEEA0435-7487-42C4-85B2-FF5B77400146}
	EndGlobalSection
EndGlobal
